
Microsoft Visual Studio Solution File, Format Version 12.00
Project("{FAE04EC0-301F-11D3-BF4B-00C04F79EFBC}") = "DerivcoRoulette", "DerivcoRoulette.csproj", "{B3B7E32B-807C-4711-879E-8F023793E59D}"
EndProject
Project("{FAE04EC0-301F-11D3-BF4B-00C04F79EFBC}") = "DerivcoRoulette.Tests", "DerivcoRoulette.Tests\DerivcoRoulette.Tests.csproj", "{13ED6F9B-CC0A-471A-BEBD-38D37F79D506}"
EndProject
Global
	GlobalSection(SolutionConfigurationPlatforms) = preSolution
		Debug|Any CPU = Debug|Any CPU
		Release|Any CPU = Release|Any CPU
	EndGlobalSection
	GlobalSection(ProjectConfigurationPlatforms) = postSolution
		{B3B7E32B-807C-4711-879E-8F023793E59D}.Debug|Any CPU.ActiveCfg = Debug|Any CPU
		{B3B7E32B-807C-4711-879E-8F023793E59D}.Debug|Any CPU.Build.0 = Debug|Any CPU
		{B3B7E32B-807C-4711-879E-8F023793E59D}.Release|Any CPU.ActiveCfg = Release|Any CPU
		{B3B7E32B-807C-4711-879E-8F023793E59D}.Release|Any CPU.Build.0 = Release|Any CPU
		{13ED6F9B-CC0A-471A-BEBD-38D37F79D506}.Debug|Any CPU.ActiveCfg = Debug|Any CPU
		{13ED6F9B-CC0A-471A-BEBD-38D37F79D506}.Debug|Any CPU.Build.0 = Debug|Any CPU
		{13ED6F9B-CC0A-471A-BEBD-38D37F79D506}.Release|Any CPU.ActiveCfg = Release|Any CPU
		{13ED6F9B-CC0A-471A-BEBD-38D37F79D506}.Release|Any CPU.Build.0 = Release|Any CPU
	EndGlobalSection
EndGlobal
